
Microsoft Visual Studio Solution File, Format Version 12.00
# Visual Studio 15
VisualStudioVersion = 15.0.28307.421
MinimumVisualStudioVersion = 10.0.40219.1
Project("{FAE04EC0-301F-11D3-BF4B-00C04F79EFBC}") = "CostModelDataStream", "CostModelDataStream\CostModelDataStream.csproj", "{BE83A59F-40CC-4D57-929B-D8FF2F778214}"
EndProject
Global
	GlobalSection(SolutionConfigurationPlatforms) = preSolution
		Debug|Any CPU = Debug|Any CPU
		Release|Any CPU = Release|Any CPU
	EndGlobalSection
	GlobalSection(ProjectConfigurationPlatforms) = postSolution
		{BE83A59F-40CC-4D57-929B-D8FF2F778214}.Debug|Any CPU.ActiveCfg = Debug|Any CPU
		{BE83A59F-40CC-4D57-929B-D8FF2F778214}.Debug|Any CPU.Build.0 = Debug|Any CPU
		{BE83A59F-40CC-4D57-929B-D8FF2F778214}.Release|Any CPU.ActiveCfg = Release|Any CPU
		{BE83A59F-40CC-4D57-929B-D8FF2F778214}.Release|Any CPU.Build.0 = Release|Any CPU
	EndGlobalSection
	GlobalSection(SolutionProperties) = preSolution
		HideSolutionNode = FALSE
	EndGlobalSection
	GlobalSection(ExtensibilityGlobals) = postSolution
		SolutionGuid = {D7EE4222-8517-454C-A22B-1493425F274A}
	EndGlobalSection
EndGlobal
